
Microsoft Visual Studio Solution File, Format Version 12.00
# Visual Studio Version 17
VisualStudioVersion = 17.13.35818.85 d17.13
MinimumVisualStudioVersion = 10.0.40219.1
Project("{FAE04EC0-301F-11D3-BF4B-00C04F79EFBC}") = "Upload_Image.Api", "Upload_Image.Api\Upload_Image.Api.csproj", "{3DAA9BA9-4679-44F4-884F-B087A121771C}"
EndProject
Project("{FAE04EC0-301F-11D3-BF4B-00C04F79EFBC}") = "Upload_Image.Data", "Upload_Image.Data\Upload_Image.Data.csproj", "{4547BC86-B65E-404E-AA68-4BD632FF1C75}"
EndProject
Global
	GlobalSection(SolutionConfigurationPlatforms) = preSolution
		Debug|Any CPU = Debug|Any CPU
		Release|Any CPU = Release|Any CPU
	EndGlobalSection
	GlobalSection(ProjectConfigurationPlatforms) = postSolution
		{3DAA9BA9-4679-44F4-884F-B087A121771C}.Debug|Any CPU.ActiveCfg = Debug|Any CPU
		{3DAA9BA9-4679-44F4-884F-B087A121771C}.Debug|Any CPU.Build.0 = Debug|Any CPU
		{3DAA9BA9-4679-44F4-884F-B087A121771C}.Release|Any CPU.ActiveCfg = Release|Any CPU
		{3DAA9BA9-4679-44F4-884F-B087A121771C}.Release|Any CPU.Build.0 = Release|Any CPU
		{4547BC86-B65E-404E-AA68-4BD632FF1C75}.Debug|Any CPU.ActiveCfg = Debug|Any CPU
		{4547BC86-B65E-404E-AA68-4BD632FF1C75}.Debug|Any CPU.Build.0 = Debug|Any CPU
		{4547BC86-B65E-404E-AA68-4BD632FF1C75}.Release|Any CPU.ActiveCfg = Release|Any CPU
		{4547BC86-B65E-404E-AA68-4BD632FF1C75}.Release|Any CPU.Build.0 = Release|Any CPU
	EndGlobalSection
	GlobalSection(SolutionProperties) = preSolution
		HideSolutionNode = FALSE
	EndGlobalSection
	GlobalSection(ExtensibilityGlobals) = postSolution
		SolutionGuid = {3D38E4AD-364F-4954-AE00-8671B6B669A5}
	EndGlobalSection
EndGlobal
